
Microsoft Visual Studio Solution File, Format Version 12.00
# Visual Studio Version 17
VisualStudioVersion = 17.0.31912.275
MinimumVisualStudioVersion = 10.0.40219.1
Project("{2150E333-8FDC-42A3-9474-1A3956D46DE8}") = "src", "src", "{50DE0DF4-8BFB-434C-8FEF-2E76C6BB94D6}"
EndProject
Project("{2150E333-8FDC-42A3-9474-1A3956D46DE8}") = "test", "test", "{028C261C-3EB2-4F8E-8BA6-3D6D867E24D1}"
EndProject
Project("{9A19103F-16F7-4668-BE54-9A1E7A4F7556}") = "TMG-Framework", "src\TMG-Framework\TMG-Framework.csproj", "{665469AA-7929-4E95-AB96-4F42C9BAAFDE}"
EndProject
Project("{9A19103F-16F7-4668-BE54-9A1E7A4F7556}") = "PerformanceTest", "tests\PerformanceTest\PerformanceTest.csproj", "{6F8A8C38-16D3-4DC4-8A39-9FC3E37A7345}"
EndProject
Project("{9A19103F-16F7-4668-BE54-9A1E7A4F7556}") = "TMG-Framework.Test", "tests\TMG-Framework.Test\TMG-Framework.Test.csproj", "{7DDD1284-0DF2-438E-A0BF-81581388ABAA}"
EndProject
Project("{2150E333-8FDC-42A3-9474-1A3956D46DE8}") = "dependencies", "dependencies", "{50C9E248-A543-4B6C-9618-3016EE53DAB1}"
EndProject
Project("{9A19103F-16F7-4668-BE54-9A1E7A4F7556}") = "XTMF2.Interfaces", "..\XTMF2\src\XTMF2.Interfaces\XTMF2.Interfaces.csproj", "{86A06672-B0EE-4798-85D5-C4B27B3638A2}"
EndProject
Project("{9A19103F-16F7-4668-BE54-9A1E7A4F7556}") = "XTMF2", "..\XTMF2\src\XTMF2\XTMF2.csproj", "{0744F597-42C2-4989-87CA-158CF982E280}"
EndProject
Project("{2150E333-8FDC-42A3-9474-1A3956D46DE8}") = "Solution Items", "Solution Items", "{C0818C3D-17BA-45F7-8A2A-FB63790C50D1}"
	ProjectSection(SolutionItems) = preProject
		..\.github\workflows\BuildAndTest.yml = ..\.github\workflows\BuildAndTest.yml
		..\README.md = ..\README.md
	EndProjectSection
EndProject
Global
	GlobalSection(SolutionConfigurationPlatforms) = preSolution
		Debug|Any CPU = Debug|Any CPU
		Release|Any CPU = Release|Any CPU
	EndGlobalSection
	GlobalSection(ProjectConfigurationPlatforms) = postSolution
		{665469AA-7929-4E95-AB96-4F42C9BAAFDE}.Debug|Any CPU.ActiveCfg = Debug|Any CPU
		{665469AA-7929-4E95-AB96-4F42C9BAAFDE}.Debug|Any CPU.Build.0 = Debug|Any CPU
		{665469AA-7929-4E95-AB96-4F42C9BAAFDE}.Release|Any CPU.ActiveCfg = Release|Any CPU
		{665469AA-7929-4E95-AB96-4F42C9BAAFDE}.Release|Any CPU.Build.0 = Release|Any CPU
		{6F8A8C38-16D3-4DC4-8A39-9FC3E37A7345}.Debug|Any CPU.ActiveCfg = Debug|Any CPU
		{6F8A8C38-16D3-4DC4-8A39-9FC3E37A7345}.Debug|Any CPU.Build.0 = Debug|Any CPU
		{6F8A8C38-16D3-4DC4-8A39-9FC3E37A7345}.Release|Any CPU.ActiveCfg = Release|Any CPU
		{6F8A8C38-16D3-4DC4-8A39-9FC3E37A7345}.Release|Any CPU.Build.0 = Release|Any CPU
		{7DDD1284-0DF2-438E-A0BF-81581388ABAA}.Debug|Any CPU.ActiveCfg = Debug|Any CPU
		{7DDD1284-0DF2-438E-A0BF-81581388ABAA}.Debug|Any CPU.Build.0 = Debug|Any CPU
		{7DDD1284-0DF2-438E-A0BF-81581388ABAA}.Release|Any CPU.ActiveCfg = Release|Any CPU
		{7DDD1284-0DF2-438E-A0BF-81581388ABAA}.Release|Any CPU.Build.0 = Release|Any CPU
		{86A06672-B0EE-4798-85D5-C4B27B3638A2}.Debug|Any CPU.ActiveCfg = Debug|Any CPU
		{86A06672-B0EE-4798-85D5-C4B27B3638A2}.Debug|Any CPU.Build.0 = Debug|Any CPU
		{86A06672-B0EE-4798-85D5-C4B27B3638A2}.Release|Any CPU.ActiveCfg = Release|Any CPU
		{86A06672-B0EE-4798-85D5-C4B27B3638A2}.Release|Any CPU.Build.0 = Release|Any CPU
		{0744F597-42C2-4989-87CA-158CF982E280}.Debug|Any CPU.ActiveCfg = Debug|Any CPU
		{0744F597-42C2-4989-87CA-158CF982E280}.Debug|Any CPU.Build.0 = Debug|Any CPU
		{0744F597-42C2-4989-87CA-158CF982E280}.Release|Any CPU.ActiveCfg = Release|Any CPU
		{0744F597-42C2-4989-87CA-158CF982E280}.Release|Any CPU.Build.0 = Release|Any CPU
	EndGlobalSection
	GlobalSection(SolutionProperties) = preSolution
		HideSolutionNode = FALSE
	EndGlobalSection
	GlobalSection(NestedProjects) = preSolution
		{665469AA-7929-4E95-AB96-4F42C9BAAFDE} = {50DE0DF4-8BFB-434C-8FEF-2E76C6BB94D6}
		{6F8A8C38-16D3-4DC4-8A39-9FC3E37A7345} = {028C261C-3EB2-4F8E-8BA6-3D6D867E24D1}
		{7DDD1284-0DF2-438E-A0BF-81581388ABAA} = {028C261C-3EB2-4F8E-8BA6-3D6D867E24D1}
		{86A06672-B0EE-4798-85D5-C4B27B3638A2} = {50C9E248-A543-4B6C-9618-3016EE53DAB1}
		{0744F597-42C2-4989-87CA-158CF982E280} = {50C9E248-A543-4B6C-9618-3016EE53DAB1}
	EndGlobalSection
	GlobalSection(ExtensibilityGlobals) = postSolution
		SolutionGuid = {A82E3396-F1D4-48F4-9976-A84B59DBBECA}
	EndGlobalSection
	GlobalSection(Performance) = preSolution
		HasPerformanceSessions = true
	EndGlobalSection
EndGlobal
