
Microsoft Visual Studio Solution File, Format Version 12.00
# Visual Studio 15
VisualStudioVersion = 15.0.26430.6
MinimumVisualStudioVersion = 10.0.40219.1
Project("{FAE04EC0-301F-11D3-BF4B-00C04F79EFBC}") = "TMG-Framework", "TMG-Framework\TMG-Framework.csproj", "{2F6A03F4-EF6B-4971-B451-363B5E4639A7}"
EndProject
Project("{9A19103F-16F7-4668-BE54-9A1E7A4F7556}") = "XTMF2", "..\XTMF2\XTMF2\XTMF2\XTMF2.csproj", "{5A0A93D3-F684-4E88-BAAA-20729AE48973}"
EndProject
Project("{9A19103F-16F7-4668-BE54-9A1E7A4F7556}") = "XTMFInterfaces", "..\XTMF2\XTMF2\XTMFInterfaces\XTMFInterfaces.csproj", "{30EFA248-0A5E-41D7-B17E-395E58004E92}"
EndProject
Project("{FAE04EC0-301F-11D3-BF4B-00C04F79EFBC}") = "TMG-Framework.Test", "TMG-Framework.Test\TMG-Framework.Test.csproj", "{2B3376DA-0380-478C-A043-6373D1A521F3}"
EndProject
Global
	GlobalSection(SolutionConfigurationPlatforms) = preSolution
		Debug|Any CPU = Debug|Any CPU
		Release|Any CPU = Release|Any CPU
	EndGlobalSection
	GlobalSection(ProjectConfigurationPlatforms) = postSolution
		{2F6A03F4-EF6B-4971-B451-363B5E4639A7}.Debug|Any CPU.ActiveCfg = Debug|Any CPU
		{2F6A03F4-EF6B-4971-B451-363B5E4639A7}.Debug|Any CPU.Build.0 = Debug|Any CPU
		{2F6A03F4-EF6B-4971-B451-363B5E4639A7}.Release|Any CPU.ActiveCfg = Release|Any CPU
		{2F6A03F4-EF6B-4971-B451-363B5E4639A7}.Release|Any CPU.Build.0 = Release|Any CPU
		{5A0A93D3-F684-4E88-BAAA-20729AE48973}.Debug|Any CPU.ActiveCfg = Debug|Any CPU
		{5A0A93D3-F684-4E88-BAAA-20729AE48973}.Debug|Any CPU.Build.0 = Debug|Any CPU
		{5A0A93D3-F684-4E88-BAAA-20729AE48973}.Release|Any CPU.ActiveCfg = Release|Any CPU
		{5A0A93D3-F684-4E88-BAAA-20729AE48973}.Release|Any CPU.Build.0 = Release|Any CPU
		{30EFA248-0A5E-41D7-B17E-395E58004E92}.Debug|Any CPU.ActiveCfg = Debug|Any CPU
		{30EFA248-0A5E-41D7-B17E-395E58004E92}.Debug|Any CPU.Build.0 = Debug|Any CPU
		{30EFA248-0A5E-41D7-B17E-395E58004E92}.Release|Any CPU.ActiveCfg = Release|Any CPU
		{30EFA248-0A5E-41D7-B17E-395E58004E92}.Release|Any CPU.Build.0 = Release|Any CPU
		{2B3376DA-0380-478C-A043-6373D1A521F3}.Debug|Any CPU.ActiveCfg = Debug|Any CPU
		{2B3376DA-0380-478C-A043-6373D1A521F3}.Debug|Any CPU.Build.0 = Debug|Any CPU
		{2B3376DA-0380-478C-A043-6373D1A521F3}.Release|Any CPU.ActiveCfg = Release|Any CPU
		{2B3376DA-0380-478C-A043-6373D1A521F3}.Release|Any CPU.Build.0 = Release|Any CPU
	EndGlobalSection
	GlobalSection(SolutionProperties) = preSolution
		HideSolutionNode = FALSE
	EndGlobalSection
EndGlobal
